
Microsoft Visual Studio Solution File, Format Version 12.00
# Visual Studio 2013
VisualStudioVersion = 12.0.21005.1
MinimumVisualStudioVersion = 10.0.40219.1
Project("{FAE04EC0-301F-11D3-BF4B-00C04F79EFBC}") = "Particle Simulator", "Particle Simulator\Particle Simulator.csproj", "{67C038D7-C794-4CE0-B926-ADDA6E12F826}"
EndProject
Project("{FAE04EC0-301F-11D3-BF4B-00C04F79EFBC}") = "PSControl", "PSControl\PSControl.csproj", "{3F2DBC11-91D2-4013-8C77-CE059210C90B}"
EndProject
Global
	GlobalSection(SolutionConfigurationPlatforms) = preSolution
		Debug|Any CPU = Debug|Any CPU
		Release|Any CPU = Release|Any CPU
	EndGlobalSection
	GlobalSection(ProjectConfigurationPlatforms) = postSolution
		{67C038D7-C794-4CE0-B926-ADDA6E12F826}.Debug|Any CPU.ActiveCfg = Debug|Any CPU
		{67C038D7-C794-4CE0-B926-ADDA6E12F826}.Debug|Any CPU.Build.0 = Debug|Any CPU
		{67C038D7-C794-4CE0-B926-ADDA6E12F826}.Release|Any CPU.ActiveCfg = Release|Any CPU
		{67C038D7-C794-4CE0-B926-ADDA6E12F826}.Release|Any CPU.Build.0 = Release|Any CPU
		{3F2DBC11-91D2-4013-8C77-CE059210C90B}.Debug|Any CPU.ActiveCfg = Debug|Any CPU
		{3F2DBC11-91D2-4013-8C77-CE059210C90B}.Debug|Any CPU.Build.0 = Debug|Any CPU
		{3F2DBC11-91D2-4013-8C77-CE059210C90B}.Release|Any CPU.ActiveCfg = Release|Any CPU
		{3F2DBC11-91D2-4013-8C77-CE059210C90B}.Release|Any CPU.Build.0 = Release|Any CPU
	EndGlobalSection
	GlobalSection(SolutionProperties) = preSolution
		HideSolutionNode = FALSE
	EndGlobalSection
EndGlobal
